// !$*UTF8*$!
{
	archiveVersion = 1;
	classes = {
	};
	objectVersion = 50;
	objects = {

/* Begin PBXBuildFile section */
		BADA54AC2255AB6F00883F74 /* main.cpp in Sources */ = {isa = PBXBuildFile; fileRef = BADA54AB2255AB6F00883F74 /* main.cpp */; };
		BADA54B42255B0B400883F74 /* utilities.cpp in Sources */ = {isa = PBXBuildFile; fileRef = BADA54B32255B0B400883F74 /* utilities.cpp */; };
		BADA54B72255B21300883F74 /* Zombie.cpp in Sources */ = {isa = PBXBuildFile; fileRef = BADA54B52255B21300883F74 /* Zombie.cpp */; };
		BADA54BA2255B25B00883F74 /* Player.cpp in Sources */ = {isa = PBXBuildFile; fileRef = BADA54B82255B25B00883F74 /* Player.cpp */; };
		BADA54BD2255B29900883F74 /* Arena.cpp in Sources */ = {isa = PBXBuildFile; fileRef = BADA54BB2255B29900883F74 /* Arena.cpp */; };
		BADA54C02255B32E00883F74 /* Game.cpp in Sources */ = {isa = PBXBuildFile; fileRef = BADA54BE2255B32E00883F74 /* Game.cpp */; };
		BADA54C32255CC4B00883F74 /* History.cpp in Sources */ = {isa = PBXBuildFile; fileRef = BADA54C12255CC4B00883F74 /* History.cpp */; };
/* End PBXBuildFile section */

/* Begin PBXCopyFilesBuildPhase section */
		BADA54A62255AB6F00883F74 /* CopyFiles */ = {
			isa = PBXCopyFilesBuildPhase;
			buildActionMask = 2147483647;
			dstPath = /usr/share/man/man1/;
			dstSubfolderSpec = 0;
			files = (
			);
			runOnlyForDeploymentPostprocessing = 1;
		};
/* End PBXCopyFilesBuildPhase section */

/* Begin PBXFileReference section */
		BADA54A82255AB6F00883F74 /* Project 1 */ = {isa = PBXFileReference; explicitFileType = "compiled.mach-o.executable"; includeInIndex = 0; path = "Project 1"; sourceTree = BUILT_PRODUCTS_DIR; };
		BADA54AB2255AB6F00883F74 /* main.cpp */ = {isa = PBXFileReference; lastKnownFileType = sourcecode.cpp.cpp; path = main.cpp; sourceTree = "<group>"; };
		BADA54B22255B02500883F74 /* global.h */ = {isa = PBXFileReference; lastKnownFileType = sourcecode.c.h; path = global.h; sourceTree = "<group>"; };
		BADA54B32255B0B400883F74 /* utilities.cpp */ = {isa = PBXFileReference; lastKnownFileType = sourcecode.cpp.cpp; path = utilities.cpp; sourceTree = "<group>"; };
		BADA54B52255B21300883F74 /* Zombie.cpp */ = {isa = PBXFileReference; lastKnownFileType = sourcecode.cpp.cpp; path = Zombie.cpp; sourceTree = "<group>"; };
		BADA54B62255B21300883F74 /* Zombie.h */ = {isa = PBXFileReference; lastKnownFileType = sourcecode.c.h; path = Zombie.h; sourceTree = "<group>"; };
		BADA54B82255B25B00883F74 /* Player.cpp */ = {isa = PBXFileReference; lastKnownFileType = sourcecode.cpp.cpp; path = Player.cpp; sourceTree = "<group>"; };
		BADA54B92255B25B00883F74 /* Player.h */ = {isa = PBXFileReference; lastKnownFileType = sourcecode.c.h; path = Player.h; sourceTree = "<group>"; };
		BADA54BB2255B29900883F74 /* Arena.cpp */ = {isa = PBXFileReference; lastKnownFileType = sourcecode.cpp.cpp; path = Arena.cpp; sourceTree = "<group>"; };
		BADA54BC2255B29900883F74 /* Arena.h */ = {isa = PBXFileReference; lastKnownFileType = sourcecode.c.h; path = Arena.h; sourceTree = "<group>"; };
		BADA54BE2255B32E00883F74 /* Game.cpp */ = {isa = PBXFileReference; lastKnownFileType = sourcecode.cpp.cpp; path = Game.cpp; sourceTree = "<group>"; };
		BADA54BF2255B32E00883F74 /* Game.h */ = {isa = PBXFileReference; lastKnownFileType = sourcecode.c.h; path = Game.h; sourceTree = "<group>"; };
		BADA54C12255CC4B00883F74 /* History.cpp */ = {isa = PBXFileReference; lastKnownFileType = sourcecode.cpp.cpp; path = History.cpp; sourceTree = "<group>"; };
		BADA54C22255CC4B00883F74 /* History.h */ = {isa = PBXFileReference; lastKnownFileType = sourcecode.c.h; path = History.h; sourceTree = "<group>"; };
/* End PBXFileReference section */

/* Begin PBXFrameworksBuildPhase section */
		BADA54A52255AB6F00883F74 /* Frameworks */ = {
			isa = PBXFrameworksBuildPhase;
			buildActionMask = 2147483647;
			files = (
			);
			runOnlyForDeploymentPostprocessing = 0;
		};
/* End PBXFrameworksBuildPhase section */

/* Begin PBXGroup section */
		BADA549F2255AB6F00883F74 = {
			isa = PBXGroup;
			children = (
				BADA54AA2255AB6F00883F74 /* Project 1 */,
				BADA54A92255AB6F00883F74 /* Products */,
			);
			sourceTree = "<group>";
		};
		BADA54A92255AB6F00883F74 /* Products */ = {
			isa = PBXGroup;
			children = (
				BADA54A82255AB6F00883F74 /* Project 1 */,
			);
			name = Products;
			sourceTree = "<group>";
		};
		BADA54AA2255AB6F00883F74 /* Project 1 */ = {
			isa = PBXGroup;
			children = (
				BADA54AB2255AB6F00883F74 /* main.cpp */,
				BADA54BE2255B32E00883F74 /* Game.cpp */,
				BADA54BF2255B32E00883F74 /* Game.h */,
				BADA54BB2255B29900883F74 /* Arena.cpp */,
				BADA54BC2255B29900883F74 /* Arena.h */,
				BADA54B82255B25B00883F74 /* Player.cpp */,
				BADA54B92255B25B00883F74 /* Player.h */,
				BADA54B52255B21300883F74 /* Zombie.cpp */,
				BADA54B62255B21300883F74 /* Zombie.h */,
				BADA54B32255B0B400883F74 /* utilities.cpp */,
				BADA54B22255B02500883F74 /* global.h */,
				BADA54C12255CC4B00883F74 /* History.cpp */,
				BADA54C22255CC4B00883F74 /* History.h */,
			);
			path = "Project 1";
			sourceTree = "<group>";
		};
/* End PBXGroup section */

/* Begin PBXNativeTarget section */
		BADA54A72255AB6F00883F74 /* Project 1 */ = {
			isa = PBXNativeTarget;
			buildConfigurationList = BADA54AF2255AB6F00883F74 /* Build configuration list for PBXNativeTarget "Project 1" */;
			buildPhases = (
				BADA54A42255AB6F00883F74 /* Sources */,
				BADA54A52255AB6F00883F74 /* Frameworks */,
				BADA54A62255AB6F00883F74 /* CopyFiles */,
			);
			buildRules = (
			);
			dependencies = (
			);
			name = "Project 1";
			productName = "Project 1";
			productReference = BADA54A82255AB6F00883F74 /* Project 1 */;
			productType = "com.apple.product-type.tool";
		};
/* End PBXNativeTarget section */

/* Begin PBXProject section */
		BADA54A02255AB6F00883F74 /* Project object */ = {
			isa = PBXProject;
			attributes = {
				LastUpgradeCheck = 1010;
				ORGANIZATIONNAME = "Melody Chen";
				TargetAttributes = {
					BADA54A72255AB6F00883F74 = {
						CreatedOnToolsVersion = 10.1;
					};
				};
			};
			buildConfigurationList = BADA54A32255AB6F00883F74 /* Build configuration list for PBXProject "Project 1" */;
			compatibilityVersion = "Xcode 9.3";
			developmentRegion = en;
			hasScannedForEncodings = 0;
			knownRegions = (
				en,
			);
			mainGroup = BADA549F2255AB6F00883F74;
			productRefGroup = BADA54A92255AB6F00883F74 /* Products */;
			projectDirPath = "";
			projectRoot = "";
			targets = (
				BADA54A72255AB6F00883F74 /* Project 1 */,
			);
		};
/* End PBXProject section */

/* Begin PBXSourcesBuildPhase section */
		BADA54A42255AB6F00883F74 /* Sources */ = {
			isa = PBXSourcesBuildPhase;
			buildActionMask = 2147483647;
			files = (
				BADA54BA2255B25B00883F74 /* Player.cpp in Sources */,
				BADA54B42255B0B400883F74 /* utilities.cpp in Sources */,
				BADA54BD2255B29900883F74 /* Arena.cpp in Sources */,
				BADA54C02255B32E00883F74 /* Game.cpp in Sources */,
				BADA54B72255B21300883F74 /* Zombie.cpp in Sources */,
				BADA54AC2255AB6F00883F74 /* main.cpp in Sources */,
				BADA54C32255CC4B00883F74 /* History.cpp in Sources */,
			);
			runOnlyForDeploymentPostprocessing = 0;
		};
/* End PBXSourcesBuildPhase section */

/* Begin XCBuildConfiguration section */
		BADA54AD2255AB6F00883F74 /* Debug */ = {
			isa = XCBuildConfiguration;
			buildSettings = {
				ALWAYS_SEARCH_USER_PATHS = NO;
				CLANG_ANALYZER_NONNULL = YES;
				CLANG_ANALYZER_NUMBER_OBJECT_CONVERSION = YES_AGGRESSIVE;
				CLANG_CXX_LANGUAGE_STANDARD = "gnu++14";
				CLANG_CXX_LIBRARY = "libc++";
				CLANG_ENABLE_MODULES = YES;
				CLANG_ENABLE_OBJC_ARC = YES;
				CLANG_ENABLE_OBJC_WEAK = YES;
				CLANG_WARN_BLOCK_CAPTURE_AUTORELEASING = YES;
				CLANG_WARN_BOOL_CONVERSION = YES;
				CLANG_WARN_COMMA = YES;
				CLANG_WARN_CONSTANT_CONVERSION = YES;
				CLANG_WARN_DEPRECATED_OBJC_IMPLEMENTATIONS = YES;
				CLANG_WARN_DIRECT_OBJC_ISA_USAGE = YES_ERROR;
				CLANG_WARN_DOCUMENTATION_COMMENTS = YES;
				CLANG_WARN_EMPTY_BODY = YES;
				CLANG_WARN_ENUM_CONVERSION = YES;
				CLANG_WARN_INFINITE_RECURSION = YES;
				CLANG_WARN_INT_CONVERSION = YES;
				CLANG_WARN_NON_LITERAL_NULL_CONVERSION = YES;
				CLANG_WARN_OBJC_IMPLICIT_RETAIN_SELF = YES;
				CLANG_WARN_OBJC_LITERAL_CONVERSION = YES;
				CLANG_WARN_OBJC_ROOT_CLASS = YES_ERROR;
				CLANG_WARN_RANGE_LOOP_ANALYSIS = YES;
				CLANG_WARN_STRICT_PROTOTYPES = YES;
				CLANG_WARN_SUSPICIOUS_MOVE = YES;
				CLANG_WARN_UNGUARDED_AVAILABILITY = YES_AGGRESSIVE;
				CLANG_WARN_UNREACHABLE_CODE = YES;
				CLANG_WARN__DUPLICATE_METHOD_MATCH = YES;
				CODE_SIGN_IDENTITY = "-";
				COPY_PHASE_STRIP = NO;
				DEBUG_INFORMATION_FORMAT = dwarf;
				ENABLE_STRICT_OBJC_MSGSEND = YES;
				ENABLE_TESTABILITY = YES;
				GCC_C_LANGUAGE_STANDARD = gnu11;
				GCC_DYNAMIC_NO_PIC = NO;
				GCC_NO_COMMON_BLOCKS = YES;
				GCC_OPTIMIZATION_LEVEL = 0;
				GCC_PREPROCESSOR_DEFINITIONS = (
					"DEBUG=1",
					"$(inherited)",
				);
				GCC_WARN_64_TO_32_BIT_CONVERSION = YES;
				GCC_WARN_ABOUT_RETURN_TYPE = YES_ERROR;
				GCC_WARN_UNDECLARED_SELECTOR = YES;
				GCC_WARN_UNINITIALIZED_AUTOS = YES_AGGRESSIVE;
				GCC_WARN_UNUSED_FUNCTION = YES;
				GCC_WARN_UNUSED_VARIABLE = YES;
				MACOSX_DEPLOYMENT_TARGET = 10.14;
				MTL_ENABLE_DEBUG_INFO = INCLUDE_SOURCE;
				MTL_FAST_MATH = YES;
				ONLY_ACTIVE_ARCH = YES;
				SDKROOT = macosx;
			};
			name = Debug;
		};
		BADA54AE2255AB6F00883F74 /* Release */ = {
			isa = XCBuildConfiguration;
			buildSettings = {
				ALWAYS_SEARCH_USER_PATHS = NO;
				CLANG_ANALYZER_NONNULL = YES;
				CLANG_ANALYZER_NUMBER_OBJECT_CONVERSION = YES_AGGRESSIVE;
				CLANG_CXX_LANGUAGE_STANDARD = "gnu++14";
				CLANG_CXX_LIBRARY = "libc++";
				CLANG_ENABLE_MODULES = YES;
				CLANG_ENABLE_OBJC_ARC = YES;
				CLANG_ENABLE_OBJC_WEAK = YES;
				CLANG_WARN_BLOCK_CAPTURE_AUTORELEASING = YES;
				CLANG_WARN_BOOL_CONVERSION = YES;
				CLANG_WARN_COMMA = YES;
				CLANG_WARN_CONSTANT_CONVERSION = YES;
				CLANG_WARN_DEPRECATED_OBJC_IMPLEMENTATIONS = YES;
				CLANG_WARN_DIRECT_OBJC_ISA_USAGE = YES_ERROR;
				CLANG_WARN_DOCUMENTATION_COMMENTS = YES;
				CLANG_WARN_EMPTY_BODY = YES;
				CLANG_WARN_ENUM_CONVERSION = YES;
				CLANG_WARN_INFINITE_RECURSION = YES;
				CLANG_WARN_INT_CONVERSION = YES;
				CLANG_WARN_NON_LITERAL_NULL_CONVERSION = YES;
				CLANG_WARN_OBJC_IMPLICIT_RETAIN_SELF = YES;
				CLANG_WARN_OBJC_LITERAL_CONVERSION = YES;
				CLANG_WARN_OBJC_ROOT_CLASS = YES_ERROR;
				CLANG_WARN_RANGE_LOOP_ANALYSIS = YES;
				CLANG_WARN_STRICT_PROTOTYPES = YES;
				CLANG_WARN_SUSPICIOUS_MOVE = YES;
				CLANG_WARN_UNGUARDED_AVAILABILITY = YES_AGGRESSIVE;
				CLANG_WARN_UNREACHABLE_CODE = YES;
				CLANG_WARN__DUPLICATE_METHOD_MATCH = YES;
				CODE_SIGN_IDENTITY = "-";
				COPY_PHASE_STRIP = NO;
				DEBUG_INFORMATION_FORMAT = "dwarf-with-dsym";
				ENABLE_NS_ASSERTIONS = NO;
				ENABLE_STRICT_OBJC_MSGSEND = YES;
				GCC_C_LANGUAGE_STANDARD = gnu11;
				GCC_NO_COMMON_BLOCKS = YES;
				GCC_WARN_64_TO_32_BIT_CONVERSION = YES;
				GCC_WARN_ABOUT_RETURN_TYPE = YES_ERROR;
				GCC_WARN_UNDECLARED_SELECTOR = YES;
				GCC_WARN_UNINITIALIZED_AUTOS = YES_AGGRESSIVE;
				GCC_WARN_UNUSED_FUNCTION = YES;
				GCC_WARN_UNUSED_VARIABLE = YES;
				MACOSX_DEPLOYMENT_TARGET = 10.14;
				MTL_ENABLE_DEBUG_INFO = NO;
				MTL_FAST_MATH = YES;
				SDKROOT = macosx;
			};
			name = Release;
		};
		BADA54B02255AB6F00883F74 /* Debug */ = {
			isa = XCBuildConfiguration;
			buildSettings = {
				CODE_SIGN_STYLE = Automatic;
				PRODUCT_NAME = "$(TARGET_NAME)";
			};
			name = Debug;
		};
		BADA54B12255AB6F00883F74 /* Release */ = {
			isa = XCBuildConfiguration;
			buildSettings = {
				CODE_SIGN_STYLE = Automatic;
				PRODUCT_NAME = "$(TARGET_NAME)";
			};
			name = Release;
		};
/* End XCBuildConfiguration section */

/* Begin XCConfigurationList section */
		BADA54A32255AB6F00883F74 /* Build configuration list for PBXProject "Project 1" */ = {
			isa = XCConfigurationList;
			buildConfigurations = (
				BADA54AD2255AB6F00883F74 /* Debug */,
				BADA54AE2255AB6F00883F74 /* Release */,
			);
			defaultConfigurationIsVisible = 0;
			defaultConfigurationName = Release;
		};
		BADA54AF2255AB6F00883F74 /* Build configuration list for PBXNativeTarget "Project 1" */ = {
			isa = XCConfigurationList;
			buildConfigurations = (
				BADA54B02255AB6F00883F74 /* Debug */,
				BADA54B12255AB6F00883F74 /* Release */,
			);
			defaultConfigurationIsVisible = 0;
			defaultConfigurationName = Release;
		};
/* End XCConfigurationList section */
	};
	rootObject = BADA54A02255AB6F00883F74 /* Project object */;
}
