// !$*UTF8*$!
{
	archiveVersion = 1;
	classes = {
	};
	objectVersion = 50;
	objects = {

/* Begin PBXBuildFile section */
		BA0CA3932284CEFF00C40939 /* linear.cpp in Sources */ = {isa = PBXBuildFile; fileRef = BA0CA3922284CEFF00C40939 /* linear.cpp */; };
		BA0CA39522862F7D00C40939 /* maze.cpp in Sources */ = {isa = PBXBuildFile; fileRef = BA0CA39422862F7D00C40939 /* maze.cpp */; };
		BA0CA397228635AF00C40939 /* tree.cpp in Sources */ = {isa = PBXBuildFile; fileRef = BA0CA396228635AF00C40939 /* tree.cpp */; };
		BA35B156227E314A00C3D7DA /* medium.cpp in Sources */ = {isa = PBXBuildFile; fileRef = BA35B155227E314A00C3D7DA /* medium.cpp */; };
/* End PBXBuildFile section */

/* Begin PBXCopyFilesBuildPhase section */
		BA35B150227E314A00C3D7DA /* CopyFiles */ = {
			isa = PBXCopyFilesBuildPhase;
			buildActionMask = 2147483647;
			dstPath = /usr/share/man/man1/;
			dstSubfolderSpec = 0;
			files = (
			);
			runOnlyForDeploymentPostprocessing = 1;
		};
/* End PBXCopyFilesBuildPhase section */

/* Begin PBXFileReference section */
		BA0CA3922284CEFF00C40939 /* linear.cpp */ = {isa = PBXFileReference; lastKnownFileType = sourcecode.cpp.cpp; path = linear.cpp; sourceTree = "<group>"; };
		BA0CA39422862F7D00C40939 /* maze.cpp */ = {isa = PBXFileReference; lastKnownFileType = sourcecode.cpp.cpp; path = maze.cpp; sourceTree = "<group>"; };
		BA0CA396228635AF00C40939 /* tree.cpp */ = {isa = PBXFileReference; lastKnownFileType = sourcecode.cpp.cpp; path = tree.cpp; sourceTree = "<group>"; };
		BA35B152227E314A00C3D7DA /* HW3 */ = {isa = PBXFileReference; explicitFileType = "compiled.mach-o.executable"; includeInIndex = 0; path = HW3; sourceTree = BUILT_PRODUCTS_DIR; };
		BA35B155227E314A00C3D7DA /* medium.cpp */ = {isa = PBXFileReference; lastKnownFileType = sourcecode.cpp.cpp; path = medium.cpp; sourceTree = "<group>"; };
/* End PBXFileReference section */

/* Begin PBXFrameworksBuildPhase section */
		BA35B14F227E314A00C3D7DA /* Frameworks */ = {
			isa = PBXFrameworksBuildPhase;
			buildActionMask = 2147483647;
			files = (
			);
			runOnlyForDeploymentPostprocessing = 0;
		};
/* End PBXFrameworksBuildPhase section */

/* Begin PBXGroup section */
		BA35B149227E314A00C3D7DA = {
			isa = PBXGroup;
			children = (
				BA35B154227E314A00C3D7DA /* HW3 */,
				BA35B153227E314A00C3D7DA /* Products */,
			);
			sourceTree = "<group>";
		};
		BA35B153227E314A00C3D7DA /* Products */ = {
			isa = PBXGroup;
			children = (
				BA35B152227E314A00C3D7DA /* HW3 */,
			);
			name = Products;
			sourceTree = "<group>";
		};
		BA35B154227E314A00C3D7DA /* HW3 */ = {
			isa = PBXGroup;
			children = (
				BA35B155227E314A00C3D7DA /* medium.cpp */,
				BA0CA3922284CEFF00C40939 /* linear.cpp */,
				BA0CA39422862F7D00C40939 /* maze.cpp */,
				BA0CA396228635AF00C40939 /* tree.cpp */,
			);
			path = HW3;
			sourceTree = "<group>";
		};
/* End PBXGroup section */

/* Begin PBXNativeTarget section */
		BA35B151227E314A00C3D7DA /* HW3 */ = {
			isa = PBXNativeTarget;
			buildConfigurationList = BA35B159227E314A00C3D7DA /* Build configuration list for PBXNativeTarget "HW3" */;
			buildPhases = (
				BA35B14E227E314A00C3D7DA /* Sources */,
				BA35B14F227E314A00C3D7DA /* Frameworks */,
				BA35B150227E314A00C3D7DA /* CopyFiles */,
			);
			buildRules = (
			);
			dependencies = (
			);
			name = HW3;
			productName = HW3;
			productReference = BA35B152227E314A00C3D7DA /* HW3 */;
			productType = "com.apple.product-type.tool";
		};
/* End PBXNativeTarget section */

/* Begin PBXProject section */
		BA35B14A227E314A00C3D7DA /* Project object */ = {
			isa = PBXProject;
			attributes = {
				LastUpgradeCheck = 1020;
				ORGANIZATIONNAME = "Melody Chen";
				TargetAttributes = {
					BA35B151227E314A00C3D7DA = {
						CreatedOnToolsVersion = 10.2.1;
					};
				};
			};
			buildConfigurationList = BA35B14D227E314A00C3D7DA /* Build configuration list for PBXProject "HW3" */;
			compatibilityVersion = "Xcode 9.3";
			developmentRegion = en;
			hasScannedForEncodings = 0;
			knownRegions = (
				en,
			);
			mainGroup = BA35B149227E314A00C3D7DA;
			productRefGroup = BA35B153227E314A00C3D7DA /* Products */;
			projectDirPath = "";
			projectRoot = "";
			targets = (
				BA35B151227E314A00C3D7DA /* HW3 */,
			);
		};
/* End PBXProject section */

/* Begin PBXSourcesBuildPhase section */
		BA35B14E227E314A00C3D7DA /* Sources */ = {
			isa = PBXSourcesBuildPhase;
			buildActionMask = 2147483647;
			files = (
				BA0CA3932284CEFF00C40939 /* linear.cpp in Sources */,
				BA0CA397228635AF00C40939 /* tree.cpp in Sources */,
				BA35B156227E314A00C3D7DA /* medium.cpp in Sources */,
				BA0CA39522862F7D00C40939 /* maze.cpp in Sources */,
			);
			runOnlyForDeploymentPostprocessing = 0;
		};
/* End PBXSourcesBuildPhase section */

/* Begin XCBuildConfiguration section */
		BA35B157227E314A00C3D7DA /* Debug */ = {
			isa = XCBuildConfiguration;
			buildSettings = {
				ALWAYS_SEARCH_USER_PATHS = NO;
				CLANG_ANALYZER_NONNULL = YES;
				CLANG_ANALYZER_NUMBER_OBJECT_CONVERSION = YES_AGGRESSIVE;
				CLANG_CXX_LANGUAGE_STANDARD = "gnu++14";
				CLANG_CXX_LIBRARY = "libc++";
				CLANG_ENABLE_MODULES = YES;
				CLANG_ENABLE_OBJC_ARC = YES;
				CLANG_ENABLE_OBJC_WEAK = YES;
				CLANG_WARN_BLOCK_CAPTURE_AUTORELEASING = YES;
				CLANG_WARN_BOOL_CONVERSION = YES;
				CLANG_WARN_COMMA = YES;
				CLANG_WARN_CONSTANT_CONVERSION = YES;
				CLANG_WARN_DEPRECATED_OBJC_IMPLEMENTATIONS = YES;
				CLANG_WARN_DIRECT_OBJC_ISA_USAGE = YES_ERROR;
				CLANG_WARN_DOCUMENTATION_COMMENTS = YES;
				CLANG_WARN_EMPTY_BODY = YES;
				CLANG_WARN_ENUM_CONVERSION = YES;
				CLANG_WARN_INFINITE_RECURSION = YES;
				CLANG_WARN_INT_CONVERSION = YES;
				CLANG_WARN_NON_LITERAL_NULL_CONVERSION = YES;
				CLANG_WARN_OBJC_IMPLICIT_RETAIN_SELF = YES;
				CLANG_WARN_OBJC_LITERAL_CONVERSION = YES;
				CLANG_WARN_OBJC_ROOT_CLASS = YES_ERROR;
				CLANG_WARN_RANGE_LOOP_ANALYSIS = YES;
				CLANG_WARN_STRICT_PROTOTYPES = YES;
				CLANG_WARN_SUSPICIOUS_MOVE = YES;
				CLANG_WARN_UNGUARDED_AVAILABILITY = YES_AGGRESSIVE;
				CLANG_WARN_UNREACHABLE_CODE = YES;
				CLANG_WARN__DUPLICATE_METHOD_MATCH = YES;
				CODE_SIGN_IDENTITY = "-";
				COPY_PHASE_STRIP = NO;
				DEBUG_INFORMATION_FORMAT = dwarf;
				ENABLE_STRICT_OBJC_MSGSEND = YES;
				ENABLE_TESTABILITY = YES;
				GCC_C_LANGUAGE_STANDARD = gnu11;
				GCC_DYNAMIC_NO_PIC = NO;
				GCC_NO_COMMON_BLOCKS = YES;
				GCC_OPTIMIZATION_LEVEL = 0;
				GCC_PREPROCESSOR_DEFINITIONS = (
					"DEBUG=1",
					"$(inherited)",
				);
				GCC_WARN_64_TO_32_BIT_CONVERSION = YES;
				GCC_WARN_ABOUT_RETURN_TYPE = YES_ERROR;
				GCC_WARN_UNDECLARED_SELECTOR = YES;
				GCC_WARN_UNINITIALIZED_AUTOS = YES_AGGRESSIVE;
				GCC_WARN_UNUSED_FUNCTION = YES;
				GCC_WARN_UNUSED_VARIABLE = YES;
				MACOSX_DEPLOYMENT_TARGET = 10.14;
				MTL_ENABLE_DEBUG_INFO = INCLUDE_SOURCE;
				MTL_FAST_MATH = YES;
				ONLY_ACTIVE_ARCH = YES;
				SDKROOT = macosx;
			};
			name = Debug;
		};
		BA35B158227E314A00C3D7DA /* Release */ = {
			isa = XCBuildConfiguration;
			buildSettings = {
				ALWAYS_SEARCH_USER_PATHS = NO;
				CLANG_ANALYZER_NONNULL = YES;
				CLANG_ANALYZER_NUMBER_OBJECT_CONVERSION = YES_AGGRESSIVE;
				CLANG_CXX_LANGUAGE_STANDARD = "gnu++14";
				CLANG_CXX_LIBRARY = "libc++";
				CLANG_ENABLE_MODULES = YES;
				CLANG_ENABLE_OBJC_ARC = YES;
				CLANG_ENABLE_OBJC_WEAK = YES;
				CLANG_WARN_BLOCK_CAPTURE_AUTORELEASING = YES;
				CLANG_WARN_BOOL_CONVERSION = YES;
				CLANG_WARN_COMMA = YES;
				CLANG_WARN_CONSTANT_CONVERSION = YES;
				CLANG_WARN_DEPRECATED_OBJC_IMPLEMENTATIONS = YES;
				CLANG_WARN_DIRECT_OBJC_ISA_USAGE = YES_ERROR;
				CLANG_WARN_DOCUMENTATION_COMMENTS = YES;
				CLANG_WARN_EMPTY_BODY = YES;
				CLANG_WARN_ENUM_CONVERSION = YES;
				CLANG_WARN_INFINITE_RECURSION = YES;
				CLANG_WARN_INT_CONVERSION = YES;
				CLANG_WARN_NON_LITERAL_NULL_CONVERSION = YES;
				CLANG_WARN_OBJC_IMPLICIT_RETAIN_SELF = YES;
				CLANG_WARN_OBJC_LITERAL_CONVERSION = YES;
				CLANG_WARN_OBJC_ROOT_CLASS = YES_ERROR;
				CLANG_WARN_RANGE_LOOP_ANALYSIS = YES;
				CLANG_WARN_STRICT_PROTOTYPES = YES;
				CLANG_WARN_SUSPICIOUS_MOVE = YES;
				CLANG_WARN_UNGUARDED_AVAILABILITY = YES_AGGRESSIVE;
				CLANG_WARN_UNREACHABLE_CODE = YES;
				CLANG_WARN__DUPLICATE_METHOD_MATCH = YES;
				CODE_SIGN_IDENTITY = "-";
				COPY_PHASE_STRIP = NO;
				DEBUG_INFORMATION_FORMAT = "dwarf-with-dsym";
				ENABLE_NS_ASSERTIONS = NO;
				ENABLE_STRICT_OBJC_MSGSEND = YES;
				GCC_C_LANGUAGE_STANDARD = gnu11;
				GCC_NO_COMMON_BLOCKS = YES;
				GCC_WARN_64_TO_32_BIT_CONVERSION = YES;
				GCC_WARN_ABOUT_RETURN_TYPE = YES_ERROR;
				GCC_WARN_UNDECLARED_SELECTOR = YES;
				GCC_WARN_UNINITIALIZED_AUTOS = YES_AGGRESSIVE;
				GCC_WARN_UNUSED_FUNCTION = YES;
				GCC_WARN_UNUSED_VARIABLE = YES;
				MACOSX_DEPLOYMENT_TARGET = 10.14;
				MTL_ENABLE_DEBUG_INFO = NO;
				MTL_FAST_MATH = YES;
				SDKROOT = macosx;
			};
			name = Release;
		};
		BA35B15A227E314A00C3D7DA /* Debug */ = {
			isa = XCBuildConfiguration;
			buildSettings = {
				CODE_SIGN_STYLE = Automatic;
				PRODUCT_NAME = "$(TARGET_NAME)";
			};
			name = Debug;
		};
		BA35B15B227E314A00C3D7DA /* Release */ = {
			isa = XCBuildConfiguration;
			buildSettings = {
				CODE_SIGN_STYLE = Automatic;
				PRODUCT_NAME = "$(TARGET_NAME)";
			};
			name = Release;
		};
/* End XCBuildConfiguration section */

/* Begin XCConfigurationList section */
		BA35B14D227E314A00C3D7DA /* Build configuration list for PBXProject "HW3" */ = {
			isa = XCConfigurationList;
			buildConfigurations = (
				BA35B157227E314A00C3D7DA /* Debug */,
				BA35B158227E314A00C3D7DA /* Release */,
			);
			defaultConfigurationIsVisible = 0;
			defaultConfigurationName = Release;
		};
		BA35B159227E314A00C3D7DA /* Build configuration list for PBXNativeTarget "HW3" */ = {
			isa = XCConfigurationList;
			buildConfigurations = (
				BA35B15A227E314A00C3D7DA /* Debug */,
				BA35B15B227E314A00C3D7DA /* Release */,
			);
			defaultConfigurationIsVisible = 0;
			defaultConfigurationName = Release;
		};
/* End XCConfigurationList section */
	};
	rootObject = BA35B14A227E314A00C3D7DA /* Project object */;
}
